{
	"name": "miniserver",
	"version": "1.0.0",
	"lockfileVersion": 1,
	"requires": true,
	"dependencies": {
		"@types/bson": {
			"version": "4.0.0",
			"resolved": "https://registry.npmjs.org/@types/bson/-/bson-4.0.0.tgz",
			"integrity": "sha512-pq/rqJwJWkbS10crsG5bgnrisL8pML79KlMKQMoQwLUjlPAkrUHMvHJ3oGwE7WHR61Lv/nadMwXVAD2b+fpD8Q==",
			"requires": {
				"@types/node": "*"
			},
			"dependencies": {
				"@types/node": {
					"version": "12.0.2",
					"resolved": "https://registry.npmjs.org/@types/node/-/node-12.0.2.tgz",
					"integrity": "sha512-5tabW/i+9mhrfEOUcLDu2xBPsHJ+X5Orqy9FKpale3SjDA17j5AEpYq5vfy3oAeAHGcvANRCO3NV3d2D6q3NiA=="
				}
			}
		},
		"@types/mongodb": {
			"version": "3.1.27",
			"resolved": "https://registry.npmjs.org/@types/mongodb/-/mongodb-3.1.27.tgz",
			"integrity": "sha512-DZMG/4iEh771XHw84PWFOb2JuMCKN+czroK3wFz95sGetOQPs8zqa6wjL0hswqH5XYMt0X/ekV6t2sAmSsaafg==",
			"requires": {
				"@types/bson": "*",
				"@types/node": "*"
			},
			"dependencies": {
				"@types/node": {
					"version": "12.0.2",
					"resolved": "https://registry.npmjs.org/@types/node/-/node-12.0.2.tgz",
					"integrity": "sha512-5tabW/i+9mhrfEOUcLDu2xBPsHJ+X5Orqy9FKpale3SjDA17j5AEpYq5vfy3oAeAHGcvANRCO3NV3d2D6q3NiA=="
				}
			}
		}
	}
}
